
Microsoft Visual Studio Solution File, Format Version 12.00
# Visual Studio Version 17
VisualStudioVersion = 17.3.32901.215
MinimumVisualStudioVersion = 10.0.40219.1
Project("{9A19103F-16F7-4668-BE54-9A1E7A4F7556}") = "Projet_Jeu_Role", "Projet_Jeu_Role.csproj", "{0058F02E-040B-49DE-9FD5-DAD84D104D1D}"
EndProject
Global
	GlobalSection(SolutionConfigurationPlatforms) = preSolution
		Debug|Any CPU = Debug|Any CPU
		Release|Any CPU = Release|Any CPU
	EndGlobalSection
	GlobalSection(ProjectConfigurationPlatforms) = postSolution
		{0058F02E-040B-49DE-9FD5-DAD84D104D1D}.Debug|Any CPU.ActiveCfg = Debug|Any CPU
		{0058F02E-040B-49DE-9FD5-DAD84D104D1D}.Debug|Any CPU.Build.0 = Debug|Any CPU
		{0058F02E-040B-49DE-9FD5-DAD84D104D1D}.Release|Any CPU.ActiveCfg = Release|Any CPU
		{0058F02E-040B-49DE-9FD5-DAD84D104D1D}.Release|Any CPU.Build.0 = Release|Any CPU
	EndGlobalSection
	GlobalSection(SolutionProperties) = preSolution
		HideSolutionNode = FALSE
	EndGlobalSection
	GlobalSection(ExtensibilityGlobals) = postSolution
		SolutionGuid = {EB2846B5-9559-49BD-B7BD-869A29258E79}
	EndGlobalSection
EndGlobal
